
Microsoft Visual Studio Solution File, Format Version 12.00
# Visual Studio Version 16
VisualStudioVersion = 16.0.30011.22
MinimumVisualStudioVersion = 10.0.40219.1
Project("{FAE04EC0-301F-11D3-BF4B-00C04F79EFBC}") = "ServerDemo", "ServerDemo\ServerDemo.csproj", "{838DEE70-7047-498E-9F78-ADD445BAA23D}"
EndProject
Project("{FAE04EC0-301F-11D3-BF4B-00C04F79EFBC}") = "EntityOrientedCommunication", "..\..\EntityOrientedCommunication\EntityOrientedCommunication\EntityOrientedCommunication.csproj", "{09F6F7A2-0B17-457A-90C3-72C90C83A593}"
EndProject
Project("{FAE04EC0-301F-11D3-BF4B-00C04F79EFBC}") = "EOCClient", "..\..\EntityOrientedCommunication\EOCClient\EOCClient.csproj", "{FD552ED8-2D36-4168-965A-F809FEF56BC4}"
EndProject
Project("{FAE04EC0-301F-11D3-BF4B-00C04F79EFBC}") = "EOCServer", "..\..\EntityOrientedCommunication\EOCServer\EOCServer.csproj", "{751DE61A-A07D-4B34-BEA7-1354F82C9CFB}"
EndProject
Global
	GlobalSection(SolutionConfigurationPlatforms) = preSolution
		Debug|Any CPU = Debug|Any CPU
		Release|Any CPU = Release|Any CPU
	EndGlobalSection
	GlobalSection(ProjectConfigurationPlatforms) = postSolution
		{838DEE70-7047-498E-9F78-ADD445BAA23D}.Debug|Any CPU.ActiveCfg = Debug|Any CPU
		{838DEE70-7047-498E-9F78-ADD445BAA23D}.Debug|Any CPU.Build.0 = Debug|Any CPU
		{838DEE70-7047-498E-9F78-ADD445BAA23D}.Release|Any CPU.ActiveCfg = Release|Any CPU
		{838DEE70-7047-498E-9F78-ADD445BAA23D}.Release|Any CPU.Build.0 = Release|Any CPU
		{09F6F7A2-0B17-457A-90C3-72C90C83A593}.Debug|Any CPU.ActiveCfg = Debug|Any CPU
		{09F6F7A2-0B17-457A-90C3-72C90C83A593}.Debug|Any CPU.Build.0 = Debug|Any CPU
		{09F6F7A2-0B17-457A-90C3-72C90C83A593}.Release|Any CPU.ActiveCfg = Release|Any CPU
		{09F6F7A2-0B17-457A-90C3-72C90C83A593}.Release|Any CPU.Build.0 = Release|Any CPU
		{FD552ED8-2D36-4168-965A-F809FEF56BC4}.Debug|Any CPU.ActiveCfg = Debug|Any CPU
		{FD552ED8-2D36-4168-965A-F809FEF56BC4}.Debug|Any CPU.Build.0 = Debug|Any CPU
		{FD552ED8-2D36-4168-965A-F809FEF56BC4}.Release|Any CPU.ActiveCfg = Release|Any CPU
		{FD552ED8-2D36-4168-965A-F809FEF56BC4}.Release|Any CPU.Build.0 = Release|Any CPU
		{751DE61A-A07D-4B34-BEA7-1354F82C9CFB}.Debug|Any CPU.ActiveCfg = Debug|Any CPU
		{751DE61A-A07D-4B34-BEA7-1354F82C9CFB}.Debug|Any CPU.Build.0 = Debug|Any CPU
		{751DE61A-A07D-4B34-BEA7-1354F82C9CFB}.Release|Any CPU.ActiveCfg = Release|Any CPU
		{751DE61A-A07D-4B34-BEA7-1354F82C9CFB}.Release|Any CPU.Build.0 = Release|Any CPU
	EndGlobalSection
	GlobalSection(SolutionProperties) = preSolution
		HideSolutionNode = FALSE
	EndGlobalSection
	GlobalSection(ExtensibilityGlobals) = postSolution
		SolutionGuid = {C16C71CB-5FDC-476C-B5B8-6BD68F89256A}
	EndGlobalSection
EndGlobal
